// !$*UTF8*$!
{
	archiveVersion = 1;
	classes = {
	};
	objectVersion = 46;
	objects = {

/* Begin PBXBuildFile section */
		673F71251E5684960036FB10 /* main.m in Sources */ = {isa = PBXBuildFile; fileRef = 673F71241E5684960036FB10 /* main.m */; };
		673F71281E5684960036FB10 /* AppDelegate.m in Sources */ = {isa = PBXBuildFile; fileRef = 673F71271E5684960036FB10 /* AppDelegate.m */; };
		673F712B1E5684960036FB10 /* ViewController.m in Sources */ = {isa = PBXBuildFile; fileRef = 673F712A1E5684960036FB10 /* ViewController.m */; };
		673F712E1E5684960036FB10 /* Main.storyboard in Resources */ = {isa = PBXBuildFile; fileRef = 673F712C1E5684960036FB10 /* Main.storyboard */; };
		673F71301E5684960036FB10 /* Assets.xcassets in Resources */ = {isa = PBXBuildFile; fileRef = 673F712F1E5684960036FB10 /* Assets.xcassets */; };
		673F71331E5684960036FB10 /* LaunchScreen.storyboard in Resources */ = {isa = PBXBuildFile; fileRef = 673F71311E5684960036FB10 /* LaunchScreen.storyboard */; };
		673F713E1E5684960036FB10 /* OC__jsTests.m in Sources */ = {isa = PBXBuildFile; fileRef = 673F713D1E5684960036FB10 /* OC__jsTests.m */; };
		673F71491E5684960036FB10 /* OC__jsUITests.m in Sources */ = {isa = PBXBuildFile; fileRef = 673F71481E5684960036FB10 /* OC__jsUITests.m */; };
		673F715B1E56998C0036FB10 /* JavaScriptCore.framework in Frameworks */ = {isa = PBXBuildFile; fileRef = 673F715A1E56998C0036FB10 /* JavaScriptCore.framework */; };
		673F715E1E56A0910036FB10 /* JSCallOCUseURLViewController.m in Sources */ = {isa = PBXBuildFile; fileRef = 673F715D1E56A0910036FB10 /* JSCallOCUseURLViewController.m */; };
		673F71611E56A11F0036FB10 /* JSCallOCViewController.m in Sources */ = {isa = PBXBuildFile; fileRef = 673F71601E56A11F0036FB10 /* JSCallOCViewController.m */; };
		673F71631E56A3980036FB10 /* JSCallOC.html in Resources */ = {isa = PBXBuildFile; fileRef = 673F71621E56A3980036FB10 /* JSCallOC.html */; };
		673F71671E56A3E10036FB10 /* OCCallJSViewController.m in Sources */ = {isa = PBXBuildFile; fileRef = 673F71651E56A3E10036FB10 /* OCCallJSViewController.m */; };
		673F71681E56A3E10036FB10 /* OCCallJSViewController.xib in Resources */ = {isa = PBXBuildFile; fileRef = 673F71661E56A3E10036FB10 /* OCCallJSViewController.xib */; };
		673F716A1E56A6430036FB10 /* test.js in Resources */ = {isa = PBXBuildFile; fileRef = 673F71691E56A6430036FB10 /* test.js */; };
		673F716C1E56A76D0036FB10 /* JSCallOCUseURLViewController.xib in Resources */ = {isa = PBXBuildFile; fileRef = 673F716B1E56A76D0036FB10 /* JSCallOCUseURLViewController.xib */; };
		673F71701E56A9410036FB10 /* urljs.html in Resources */ = {isa = PBXBuildFile; fileRef = 673F716F1E56A9410036FB10 /* urljs.html */; };
/* End PBXBuildFile section */

/* Begin PBXContainerItemProxy section */
		673F713A1E5684960036FB10 /* PBXContainerItemProxy */ = {
			isa = PBXContainerItemProxy;
			containerPortal = 673F71181E5684960036FB10 /* Project object */;
			proxyType = 1;
			remoteGlobalIDString = 673F711F1E5684960036FB10;
			remoteInfo = "OC交互js";
		};
		673F71451E5684960036FB10 /* PBXContainerItemProxy */ = {
			isa = PBXContainerItemProxy;
			containerPortal = 673F71181E5684960036FB10 /* Project object */;
			proxyType = 1;
			remoteGlobalIDString = 673F711F1E5684960036FB10;
			remoteInfo = "OC交互js";
		};
/* End PBXContainerItemProxy section */

/* Begin PBXFileReference section */
		673F71201E5684960036FB10 /* OC交互js.app */ = {isa = PBXFileReference; explicitFileType = wrapper.application; includeInIndex = 0; path = "OC交互js.app"; sourceTree = BUILT_PRODUCTS_DIR; };
		673F71241E5684960036FB10 /* main.m */ = {isa = PBXFileReference; lastKnownFileType = sourcecode.c.objc; path = main.m; sourceTree = "<group>"; };
		673F71261E5684960036FB10 /* AppDelegate.h */ = {isa = PBXFileReference; lastKnownFileType = sourcecode.c.h; path = AppDelegate.h; sourceTree = "<group>"; };
		673F71271E5684960036FB10 /* AppDelegate.m */ = {isa = PBXFileReference; lastKnownFileType = sourcecode.c.objc; path = AppDelegate.m; sourceTree = "<group>"; };
		673F71291E5684960036FB10 /* ViewController.h */ = {isa = PBXFileReference; lastKnownFileType = sourcecode.c.h; path = ViewController.h; sourceTree = "<group>"; };
		673F712A1E5684960036FB10 /* ViewController.m */ = {isa = PBXFileReference; lastKnownFileType = sourcecode.c.objc; path = ViewController.m; sourceTree = "<group>"; };
		673F712D1E5684960036FB10 /* Base */ = {isa = PBXFileReference; lastKnownFileType = file.storyboard; name = Base; path = Base.lproj/Main.storyboard; sourceTree = "<group>"; };
		673F712F1E5684960036FB10 /* Assets.xcassets */ = {isa = PBXFileReference; lastKnownFileType = folder.assetcatalog; path = Assets.xcassets; sourceTree = "<group>"; };
		673F71321E5684960036FB10 /* Base */ = {isa = PBXFileReference; lastKnownFileType = file.storyboard; name = Base; path = Base.lproj/LaunchScreen.storyboard; sourceTree = "<group>"; };
		673F71341E5684960036FB10 /* Info.plist */ = {isa = PBXFileReference; lastKnownFileType = text.plist.xml; path = Info.plist; sourceTree = "<group>"; };
		673F71391E5684960036FB10 /* OC交互jsTests.xctest */ = {isa = PBXFileReference; explicitFileType = wrapper.cfbundle; includeInIndex = 0; path = "OC交互jsTests.xctest"; sourceTree = BUILT_PRODUCTS_DIR; };
		673F713D1E5684960036FB10 /* OC__jsTests.m */ = {isa = PBXFileReference; lastKnownFileType = sourcecode.c.objc; path = OC__jsTests.m; sourceTree = "<group>"; };
		673F713F1E5684960036FB10 /* Info.plist */ = {isa = PBXFileReference; lastKnownFileType = text.plist.xml; path = Info.plist; sourceTree = "<group>"; };
		673F71441E5684960036FB10 /* OC交互jsUITests.xctest */ = {isa = PBXFileReference; explicitFileType = wrapper.cfbundle; includeInIndex = 0; path = "OC交互jsUITests.xctest"; sourceTree = BUILT_PRODUCTS_DIR; };
		673F71481E5684960036FB10 /* OC__jsUITests.m */ = {isa = PBXFileReference; lastKnownFileType = sourcecode.c.objc; path = OC__jsUITests.m; sourceTree = "<group>"; };
		673F714A1E5684960036FB10 /* Info.plist */ = {isa = PBXFileReference; lastKnownFileType = text.plist.xml; path = Info.plist; sourceTree = "<group>"; };
		673F715A1E56998C0036FB10 /* JavaScriptCore.framework */ = {isa = PBXFileReference; lastKnownFileType = wrapper.framework; name = JavaScriptCore.framework; path = System/Library/Frameworks/JavaScriptCore.framework; sourceTree = SDKROOT; };
		673F715C1E56A0910036FB10 /* JSCallOCUseURLViewController.h */ = {isa = PBXFileReference; fileEncoding = 4; lastKnownFileType = sourcecode.c.h; path = JSCallOCUseURLViewController.h; sourceTree = "<group>"; };
		673F715D1E56A0910036FB10 /* JSCallOCUseURLViewController.m */ = {isa = PBXFileReference; fileEncoding = 4; lastKnownFileType = sourcecode.c.objc; path = JSCallOCUseURLViewController.m; sourceTree = "<group>"; };
		673F715F1E56A11F0036FB10 /* JSCallOCViewController.h */ = {isa = PBXFileReference; fileEncoding = 4; lastKnownFileType = sourcecode.c.h; path = JSCallOCViewController.h; sourceTree = "<group>"; };
		673F71601E56A11F0036FB10 /* JSCallOCViewController.m */ = {isa = PBXFileReference; fileEncoding = 4; lastKnownFileType = sourcecode.c.objc; path = JSCallOCViewController.m; sourceTree = "<group>"; };
		673F71621E56A3980036FB10 /* JSCallOC.html */ = {isa = PBXFileReference; fileEncoding = 4; lastKnownFileType = text.html; path = JSCallOC.html; sourceTree = "<group>"; };
		673F71641E56A3E10036FB10 /* OCCallJSViewController.h */ = {isa = PBXFileReference; fileEncoding = 4; lastKnownFileType = sourcecode.c.h; path = OCCallJSViewController.h; sourceTree = "<group>"; };
		673F71651E56A3E10036FB10 /* OCCallJSViewController.m */ = {isa = PBXFileReference; fileEncoding = 4; lastKnownFileType = sourcecode.c.objc; path = OCCallJSViewController.m; sourceTree = "<group>"; };
		673F71661E56A3E10036FB10 /* OCCallJSViewController.xib */ = {isa = PBXFileReference; fileEncoding = 4; lastKnownFileType = file.xib; path = OCCallJSViewController.xib; sourceTree = "<group>"; };
		673F71691E56A6430036FB10 /* test.js */ = {isa = PBXFileReference; fileEncoding = 4; lastKnownFileType = sourcecode.javascript; path = test.js; sourceTree = "<group>"; };
		673F716B1E56A76D0036FB10 /* JSCallOCUseURLViewController.xib */ = {isa = PBXFileReference; fileEncoding = 4; lastKnownFileType = file.xib; path = JSCallOCUseURLViewController.xib; sourceTree = "<group>"; };
		673F716F1E56A9410036FB10 /* urljs.html */ = {isa = PBXFileReference; fileEncoding = 4; lastKnownFileType = text.html; path = urljs.html; sourceTree = "<group>"; };
/* End PBXFileReference section */

/* Begin PBXFrameworksBuildPhase section */
		673F711D1E5684960036FB10 /* Frameworks */ = {
			isa = PBXFrameworksBuildPhase;
			buildActionMask = 2147483647;
			files = (
				673F715B1E56998C0036FB10 /* JavaScriptCore.framework in Frameworks */,
			);
			runOnlyForDeploymentPostprocessing = 0;
		};
		673F71361E5684960036FB10 /* Frameworks */ = {
			isa = PBXFrameworksBuildPhase;
			buildActionMask = 2147483647;
			files = (
			);
			runOnlyForDeploymentPostprocessing = 0;
		};
		673F71411E5684960036FB10 /* Frameworks */ = {
			isa = PBXFrameworksBuildPhase;
			buildActionMask = 2147483647;
			files = (
			);
			runOnlyForDeploymentPostprocessing = 0;
		};
/* End PBXFrameworksBuildPhase section */

/* Begin PBXGroup section */
		673F71171E5684960036FB10 = {
			isa = PBXGroup;
			children = (
				673F71221E5684960036FB10 /* OC交互js */,
				673F713C1E5684960036FB10 /* OC交互jsTests */,
				673F71471E5684960036FB10 /* OC交互jsUITests */,
				673F71211E5684960036FB10 /* Products */,
				673F71591E56998C0036FB10 /* Frameworks */,
			);
			sourceTree = "<group>";
		};
		673F71211E5684960036FB10 /* Products */ = {
			isa = PBXGroup;
			children = (
				673F71201E5684960036FB10 /* OC交互js.app */,
				673F71391E5684960036FB10 /* OC交互jsTests.xctest */,
				673F71441E5684960036FB10 /* OC交互jsUITests.xctest */,
			);
			name = Products;
			sourceTree = "<group>";
		};
		673F71221E5684960036FB10 /* OC交互js */ = {
			isa = PBXGroup;
			children = (
				673F71261E5684960036FB10 /* AppDelegate.h */,
				673F71271E5684960036FB10 /* AppDelegate.m */,
				673F71291E5684960036FB10 /* ViewController.h */,
				673F712A1E5684960036FB10 /* ViewController.m */,
				673F715C1E56A0910036FB10 /* JSCallOCUseURLViewController.h */,
				673F715D1E56A0910036FB10 /* JSCallOCUseURLViewController.m */,
				673F716B1E56A76D0036FB10 /* JSCallOCUseURLViewController.xib */,
				673F716F1E56A9410036FB10 /* urljs.html */,
				673F715F1E56A11F0036FB10 /* JSCallOCViewController.h */,
				673F71601E56A11F0036FB10 /* JSCallOCViewController.m */,
				673F71621E56A3980036FB10 /* JSCallOC.html */,
				673F71641E56A3E10036FB10 /* OCCallJSViewController.h */,
				673F71651E56A3E10036FB10 /* OCCallJSViewController.m */,
				673F71661E56A3E10036FB10 /* OCCallJSViewController.xib */,
				673F71691E56A6430036FB10 /* test.js */,
				673F712C1E5684960036FB10 /* Main.storyboard */,
				673F712F1E5684960036FB10 /* Assets.xcassets */,
				673F71311E5684960036FB10 /* LaunchScreen.storyboard */,
				673F71341E5684960036FB10 /* Info.plist */,
				673F71231E5684960036FB10 /* Supporting Files */,
			);
			path = "OC交互js";
			sourceTree = "<group>";
		};
		673F71231E5684960036FB10 /* Supporting Files */ = {
			isa = PBXGroup;
			children = (
				673F71241E5684960036FB10 /* main.m */,
			);
			name = "Supporting Files";
			sourceTree = "<group>";
		};
		673F713C1E5684960036FB10 /* OC交互jsTests */ = {
			isa = PBXGroup;
			children = (
				673F713D1E5684960036FB10 /* OC__jsTests.m */,
				673F713F1E5684960036FB10 /* Info.plist */,
			);
			path = "OC交互jsTests";
			sourceTree = "<group>";
		};
		673F71471E5684960036FB10 /* OC交互jsUITests */ = {
			isa = PBXGroup;
			children = (
				673F71481E5684960036FB10 /* OC__jsUITests.m */,
				673F714A1E5684960036FB10 /* Info.plist */,
			);
			path = "OC交互jsUITests";
			sourceTree = "<group>";
		};
		673F71591E56998C0036FB10 /* Frameworks */ = {
			isa = PBXGroup;
			children = (
				673F715A1E56998C0036FB10 /* JavaScriptCore.framework */,
			);
			name = Frameworks;
			sourceTree = "<group>";
		};
/* End PBXGroup section */

/* Begin PBXNativeTarget section */
		673F711F1E5684960036FB10 /* OC交互js */ = {
			isa = PBXNativeTarget;
			buildConfigurationList = 673F714D1E5684960036FB10 /* Build configuration list for PBXNativeTarget "OC交互js" */;
			buildPhases = (
				673F711C1E5684960036FB10 /* Sources */,
				673F711D1E5684960036FB10 /* Frameworks */,
				673F711E1E5684960036FB10 /* Resources */,
			);
			buildRules = (
			);
			dependencies = (
			);
			name = "OC交互js";
			productName = "OC交互js";
			productReference = 673F71201E5684960036FB10 /* OC交互js.app */;
			productType = "com.apple.product-type.application";
		};
		673F71381E5684960036FB10 /* OC交互jsTests */ = {
			isa = PBXNativeTarget;
			buildConfigurationList = 673F71501E5684960036FB10 /* Build configuration list for PBXNativeTarget "OC交互jsTests" */;
			buildPhases = (
				673F71351E5684960036FB10 /* Sources */,
				673F71361E5684960036FB10 /* Frameworks */,
				673F71371E5684960036FB10 /* Resources */,
			);
			buildRules = (
			);
			dependencies = (
				673F713B1E5684960036FB10 /* PBXTargetDependency */,
			);
			name = "OC交互jsTests";
			productName = "OC交互jsTests";
			productReference = 673F71391E5684960036FB10 /* OC交互jsTests.xctest */;
			productType = "com.apple.product-type.bundle.unit-test";
		};
		673F71431E5684960036FB10 /* OC交互jsUITests */ = {
			isa = PBXNativeTarget;
			buildConfigurationList = 673F71531E5684960036FB10 /* Build configuration list for PBXNativeTarget "OC交互jsUITests" */;
			buildPhases = (
				673F71401E5684960036FB10 /* Sources */,
				673F71411E5684960036FB10 /* Frameworks */,
				673F71421E5684960036FB10 /* Resources */,
			);
			buildRules = (
			);
			dependencies = (
				673F71461E5684960036FB10 /* PBXTargetDependency */,
			);
			name = "OC交互jsUITests";
			productName = "OC交互jsUITests";
			productReference = 673F71441E5684960036FB10 /* OC交互jsUITests.xctest */;
			productType = "com.apple.product-type.bundle.ui-testing";
		};
/* End PBXNativeTarget section */

/* Begin PBXProject section */
		673F71181E5684960036FB10 /* Project object */ = {
			isa = PBXProject;
			attributes = {
				LastUpgradeCheck = 0820;
				ORGANIZATIONNAME = "锐拓";
				TargetAttributes = {
					673F711F1E5684960036FB10 = {
						CreatedOnToolsVersion = 8.2.1;
						ProvisioningStyle = Automatic;
					};
					673F71381E5684960036FB10 = {
						CreatedOnToolsVersion = 8.2.1;
						ProvisioningStyle = Automatic;
						TestTargetID = 673F711F1E5684960036FB10;
					};
					673F71431E5684960036FB10 = {
						CreatedOnToolsVersion = 8.2.1;
						ProvisioningStyle = Automatic;
						TestTargetID = 673F711F1E5684960036FB10;
					};
				};
			};
			buildConfigurationList = 673F711B1E5684960036FB10 /* Build configuration list for PBXProject "OC交互js" */;
			compatibilityVersion = "Xcode 3.2";
			developmentRegion = English;
			hasScannedForEncodings = 0;
			knownRegions = (
				en,
				Base,
			);
			mainGroup = 673F71171E5684960036FB10;
			productRefGroup = 673F71211E5684960036FB10 /* Products */;
			projectDirPath = "";
			projectRoot = "";
			targets = (
				673F711F1E5684960036FB10 /* OC交互js */,
				673F71381E5684960036FB10 /* OC交互jsTests */,
				673F71431E5684960036FB10 /* OC交互jsUITests */,
			);
		};
/* End PBXProject section */

/* Begin PBXResourcesBuildPhase section */
		673F711E1E5684960036FB10 /* Resources */ = {
			isa = PBXResourcesBuildPhase;
			buildActionMask = 2147483647;
			files = (
				673F716C1E56A76D0036FB10 /* JSCallOCUseURLViewController.xib in Resources */,
				673F716A1E56A6430036FB10 /* test.js in Resources */,
				673F71681E56A3E10036FB10 /* OCCallJSViewController.xib in Resources */,
				673F71331E5684960036FB10 /* LaunchScreen.storyboard in Resources */,
				673F71301E5684960036FB10 /* Assets.xcassets in Resources */,
				673F71701E56A9410036FB10 /* urljs.html in Resources */,
				673F712E1E5684960036FB10 /* Main.storyboard in Resources */,
				673F71631E56A3980036FB10 /* JSCallOC.html in Resources */,
			);
			runOnlyForDeploymentPostprocessing = 0;
		};
		673F71371E5684960036FB10 /* Resources */ = {
			isa = PBXResourcesBuildPhase;
			buildActionMask = 2147483647;
			files = (
			);
			runOnlyForDeploymentPostprocessing = 0;
		};
		673F71421E5684960036FB10 /* Resources */ = {
			isa = PBXResourcesBuildPhase;
			buildActionMask = 2147483647;
			files = (
			);
			runOnlyForDeploymentPostprocessing = 0;
		};
/* End PBXResourcesBuildPhase section */

/* Begin PBXSourcesBuildPhase section */
		673F711C1E5684960036FB10 /* Sources */ = {
			isa = PBXSourcesBuildPhase;
			buildActionMask = 2147483647;
			files = (
				673F712B1E5684960036FB10 /* ViewController.m in Sources */,
				673F715E1E56A0910036FB10 /* JSCallOCUseURLViewController.m in Sources */,
				673F71281E5684960036FB10 /* AppDelegate.m in Sources */,
				673F71251E5684960036FB10 /* main.m in Sources */,
				673F71671E56A3E10036FB10 /* OCCallJSViewController.m in Sources */,
				673F71611E56A11F0036FB10 /* JSCallOCViewController.m in Sources */,
			);
			runOnlyForDeploymentPostprocessing = 0;
		};
		673F71351E5684960036FB10 /* Sources */ = {
			isa = PBXSourcesBuildPhase;
			buildActionMask = 2147483647;
			files = (
				673F713E1E5684960036FB10 /* OC__jsTests.m in Sources */,
			);
			runOnlyForDeploymentPostprocessing = 0;
		};
		673F71401E5684960036FB10 /* Sources */ = {
			isa = PBXSourcesBuildPhase;
			buildActionMask = 2147483647;
			files = (
				673F71491E5684960036FB10 /* OC__jsUITests.m in Sources */,
			);
			runOnlyForDeploymentPostprocessing = 0;
		};
/* End PBXSourcesBuildPhase section */

/* Begin PBXTargetDependency section */
		673F713B1E5684960036FB10 /* PBXTargetDependency */ = {
			isa = PBXTargetDependency;
			target = 673F711F1E5684960036FB10 /* OC交互js */;
			targetProxy = 673F713A1E5684960036FB10 /* PBXContainerItemProxy */;
		};
		673F71461E5684960036FB10 /* PBXTargetDependency */ = {
			isa = PBXTargetDependency;
			target = 673F711F1E5684960036FB10 /* OC交互js */;
			targetProxy = 673F71451E5684960036FB10 /* PBXContainerItemProxy */;
		};
/* End PBXTargetDependency section */

/* Begin PBXVariantGroup section */
		673F712C1E5684960036FB10 /* Main.storyboard */ = {
			isa = PBXVariantGroup;
			children = (
				673F712D1E5684960036FB10 /* Base */,
			);
			name = Main.storyboard;
			sourceTree = "<group>";
		};
		673F71311E5684960036FB10 /* LaunchScreen.storyboard */ = {
			isa = PBXVariantGroup;
			children = (
				673F71321E5684960036FB10 /* Base */,
			);
			name = LaunchScreen.storyboard;
			sourceTree = "<group>";
		};
/* End PBXVariantGroup section */

/* Begin XCBuildConfiguration section */
		673F714B1E5684960036FB10 /* Debug */ = {
			isa = XCBuildConfiguration;
			buildSettings = {
				ALWAYS_SEARCH_USER_PATHS = NO;
				CLANG_ANALYZER_NONNULL = YES;
				CLANG_CXX_LANGUAGE_STANDARD = "gnu++0x";
				CLANG_CXX_LIBRARY = "libc++";
				CLANG_ENABLE_MODULES = YES;
				CLANG_ENABLE_OBJC_ARC = YES;
				CLANG_WARN_BOOL_CONVERSION = YES;
				CLANG_WARN_CONSTANT_CONVERSION = YES;
				CLANG_WARN_DIRECT_OBJC_ISA_USAGE = YES_ERROR;
				CLANG_WARN_DOCUMENTATION_COMMENTS = YES;
				CLANG_WARN_EMPTY_BODY = YES;
				CLANG_WARN_ENUM_CONVERSION = YES;
				CLANG_WARN_INFINITE_RECURSION = YES;
				CLANG_WARN_INT_CONVERSION = YES;
				CLANG_WARN_OBJC_ROOT_CLASS = YES_ERROR;
				CLANG_WARN_SUSPICIOUS_MOVE = YES;
				CLANG_WARN_UNREACHABLE_CODE = YES;
				CLANG_WARN__DUPLICATE_METHOD_MATCH = YES;
				"CODE_SIGN_IDENTITY[sdk=iphoneos*]" = "iPhone Developer";
				COPY_PHASE_STRIP = NO;
				DEBUG_INFORMATION_FORMAT = dwarf;
				ENABLE_STRICT_OBJC_MSGSEND = YES;
				ENABLE_TESTABILITY = YES;
				GCC_C_LANGUAGE_STANDARD = gnu99;
				GCC_DYNAMIC_NO_PIC = NO;
				GCC_NO_COMMON_BLOCKS = YES;
				GCC_OPTIMIZATION_LEVEL = 0;
				GCC_PREPROCESSOR_DEFINITIONS = (
					"DEBUG=1",
					"$(inherited)",
				);
				GCC_WARN_64_TO_32_BIT_CONVERSION = YES;
				GCC_WARN_ABOUT_RETURN_TYPE = YES_ERROR;
				GCC_WARN_UNDECLARED_SELECTOR = YES;
				GCC_WARN_UNINITIALIZED_AUTOS = YES_AGGRESSIVE;
				GCC_WARN_UNUSED_FUNCTION = YES;
				GCC_WARN_UNUSED_VARIABLE = YES;
				IPHONEOS_DEPLOYMENT_TARGET = 10.2;
				MTL_ENABLE_DEBUG_INFO = YES;
				ONLY_ACTIVE_ARCH = YES;
				SDKROOT = iphoneos;
				TARGETED_DEVICE_FAMILY = "1,2";
			};
			name = Debug;
		};
		673F714C1E5684960036FB10 /* Release */ = {
			isa = XCBuildConfiguration;
			buildSettings = {
				ALWAYS_SEARCH_USER_PATHS = NO;
				CLANG_ANALYZER_NONNULL = YES;
				CLANG_CXX_LANGUAGE_STANDARD = "gnu++0x";
				CLANG_CXX_LIBRARY = "libc++";
				CLANG_ENABLE_MODULES = YES;
				CLANG_ENABLE_OBJC_ARC = YES;
				CLANG_WARN_BOOL_CONVERSION = YES;
				CLANG_WARN_CONSTANT_CONVERSION = YES;
				CLANG_WARN_DIRECT_OBJC_ISA_USAGE = YES_ERROR;
				CLANG_WARN_DOCUMENTATION_COMMENTS = YES;
				CLANG_WARN_EMPTY_BODY = YES;
				CLANG_WARN_ENUM_CONVERSION = YES;
				CLANG_WARN_INFINITE_RECURSION = YES;
				CLANG_WARN_INT_CONVERSION = YES;
				CLANG_WARN_OBJC_ROOT_CLASS = YES_ERROR;
				CLANG_WARN_SUSPICIOUS_MOVE = YES;
				CLANG_WARN_UNREACHABLE_CODE = YES;
				CLANG_WARN__DUPLICATE_METHOD_MATCH = YES;
				"CODE_SIGN_IDENTITY[sdk=iphoneos*]" = "iPhone Developer";
				COPY_PHASE_STRIP = NO;
				DEBUG_INFORMATION_FORMAT = "dwarf-with-dsym";
				ENABLE_NS_ASSERTIONS = NO;
				ENABLE_STRICT_OBJC_MSGSEND = YES;
				GCC_C_LANGUAGE_STANDARD = gnu99;
				GCC_NO_COMMON_BLOCKS = YES;
				GCC_WARN_64_TO_32_BIT_CONVERSION = YES;
				GCC_WARN_ABOUT_RETURN_TYPE = YES_ERROR;
				GCC_WARN_UNDECLARED_SELECTOR = YES;
				GCC_WARN_UNINITIALIZED_AUTOS = YES_AGGRESSIVE;
				GCC_WARN_UNUSED_FUNCTION = YES;
				GCC_WARN_UNUSED_VARIABLE = YES;
				IPHONEOS_DEPLOYMENT_TARGET = 10.2;
				MTL_ENABLE_DEBUG_INFO = NO;
				SDKROOT = iphoneos;
				TARGETED_DEVICE_FAMILY = "1,2";
				VALIDATE_PRODUCT = YES;
			};
			name = Release;
		};
		673F714E1E5684960036FB10 /* Debug */ = {
			isa = XCBuildConfiguration;
			buildSettings = {
				ASSETCATALOG_COMPILER_APPICON_NAME = AppIcon;
				INFOPLIST_FILE = "OC交互js/Info.plist";
				LD_RUNPATH_SEARCH_PATHS = "$(inherited) @executable_path/Frameworks";
				PRODUCT_BUNDLE_IDENTIFIER = "com.xiuyuewang.OC--js";
				PRODUCT_NAME = "$(TARGET_NAME)";
			};
			name = Debug;
		};
		673F714F1E5684960036FB10 /* Release */ = {
			isa = XCBuildConfiguration;
			buildSettings = {
				ASSETCATALOG_COMPILER_APPICON_NAME = AppIcon;
				INFOPLIST_FILE = "OC交互js/Info.plist";
				LD_RUNPATH_SEARCH_PATHS = "$(inherited) @executable_path/Frameworks";
				PRODUCT_BUNDLE_IDENTIFIER = "com.xiuyuewang.OC--js";
				PRODUCT_NAME = "$(TARGET_NAME)";
			};
			name = Release;
		};
		673F71511E5684960036FB10 /* Debug */ = {
			isa = XCBuildConfiguration;
			buildSettings = {
				BUNDLE_LOADER = "$(TEST_HOST)";
				INFOPLIST_FILE = "OC交互jsTests/Info.plist";
				LD_RUNPATH_SEARCH_PATHS = "$(inherited) @executable_path/Frameworks @loader_path/Frameworks";
				PRODUCT_BUNDLE_IDENTIFIER = "com.xiuyuewang.OC--jsTests";
				PRODUCT_NAME = "$(TARGET_NAME)";
				TEST_HOST = "$(BUILT_PRODUCTS_DIR)/OC交互js.app/OC交互js";
			};
			name = Debug;
		};
		673F71521E5684960036FB10 /* Release */ = {
			isa = XCBuildConfiguration;
			buildSettings = {
				BUNDLE_LOADER = "$(TEST_HOST)";
				INFOPLIST_FILE = "OC交互jsTests/Info.plist";
				LD_RUNPATH_SEARCH_PATHS = "$(inherited) @executable_path/Frameworks @loader_path/Frameworks";
				PRODUCT_BUNDLE_IDENTIFIER = "com.xiuyuewang.OC--jsTests";
				PRODUCT_NAME = "$(TARGET_NAME)";
				TEST_HOST = "$(BUILT_PRODUCTS_DIR)/OC交互js.app/OC交互js";
			};
			name = Release;
		};
		673F71541E5684960036FB10 /* Debug */ = {
			isa = XCBuildConfiguration;
			buildSettings = {
				INFOPLIST_FILE = "OC交互jsUITests/Info.plist";
				LD_RUNPATH_SEARCH_PATHS = "$(inherited) @executable_path/Frameworks @loader_path/Frameworks";
				PRODUCT_BUNDLE_IDENTIFIER = "com.xiuyuewang.OC--jsUITests";
				PRODUCT_NAME = "$(TARGET_NAME)";
				TEST_TARGET_NAME = "OC交互js";
			};
			name = Debug;
		};
		673F71551E5684960036FB10 /* Release */ = {
			isa = XCBuildConfiguration;
			buildSettings = {
				INFOPLIST_FILE = "OC交互jsUITests/Info.plist";
				LD_RUNPATH_SEARCH_PATHS = "$(inherited) @executable_path/Frameworks @loader_path/Frameworks";
				PRODUCT_BUNDLE_IDENTIFIER = "com.xiuyuewang.OC--jsUITests";
				PRODUCT_NAME = "$(TARGET_NAME)";
				TEST_TARGET_NAME = "OC交互js";
			};
			name = Release;
		};
/* End XCBuildConfiguration section */

/* Begin XCConfigurationList section */
		673F711B1E5684960036FB10 /* Build configuration list for PBXProject "OC交互js" */ = {
			isa = XCConfigurationList;
			buildConfigurations = (
				673F714B1E5684960036FB10 /* Debug */,
				673F714C1E5684960036FB10 /* Release */,
			);
			defaultConfigurationIsVisible = 0;
			defaultConfigurationName = Release;
		};
		673F714D1E5684960036FB10 /* Build configuration list for PBXNativeTarget "OC交互js" */ = {
			isa = XCConfigurationList;
			buildConfigurations = (
				673F714E1E5684960036FB10 /* Debug */,
				673F714F1E5684960036FB10 /* Release */,
			);
			defaultConfigurationIsVisible = 0;
		};
		673F71501E5684960036FB10 /* Build configuration list for PBXNativeTarget "OC交互jsTests" */ = {
			isa = XCConfigurationList;
			buildConfigurations = (
				673F71511E5684960036FB10 /* Debug */,
				673F71521E5684960036FB10 /* Release */,
			);
			defaultConfigurationIsVisible = 0;
		};
		673F71531E5684960036FB10 /* Build configuration list for PBXNativeTarget "OC交互jsUITests" */ = {
			isa = XCConfigurationList;
			buildConfigurations = (
				673F71541E5684960036FB10 /* Debug */,
				673F71551E5684960036FB10 /* Release */,
			);
			defaultConfigurationIsVisible = 0;
		};
/* End XCConfigurationList section */
	};
	rootObject = 673F71181E5684960036FB10 /* Project object */;
}
